// !$*UTF8*$!
{
	archiveVersion = 1;
	classes = {
	};
	objectVersion = 50;
	objects = {

/* Begin PBXBuildFile section */
		764F451A8B08269A9FF22895 /* Pods_ArkusNexusChallenge.framework in Frameworks */ = {isa = PBXBuildFile; fileRef = D506E90650D80BBF2EAAC965 /* Pods_ArkusNexusChallenge.framework */; };
		94326BF122B2D43800D56D52 /* PlaceAPIRouter.swift in Sources */ = {isa = PBXBuildFile; fileRef = 94326BF022B2D43800D56D52 /* PlaceAPIRouter.swift */; };
		94326BF422B2DA2F00D56D52 /* ArkusNexusServer.swift in Sources */ = {isa = PBXBuildFile; fileRef = 94326BF322B2DA2F00D56D52 /* ArkusNexusServer.swift */; };
		94326BF622B2DD7300D56D52 /* RxAlamofireUtils.swift in Sources */ = {isa = PBXBuildFile; fileRef = 94326BF522B2DD7300D56D52 /* RxAlamofireUtils.swift */; };
		94326BF822B2E39800D56D52 /* ErrorModel.swift in Sources */ = {isa = PBXBuildFile; fileRef = 94326BF722B2E39800D56D52 /* ErrorModel.swift */; };
		94326C0C22B2F08900D56D52 /* SuccessMessageResponse.swift in Sources */ = {isa = PBXBuildFile; fileRef = 94326C0B22B2F08900D56D52 /* SuccessMessageResponse.swift */; };
		94326C0E22B2F4B300D56D52 /* EmptyResponse.swift in Sources */ = {isa = PBXBuildFile; fileRef = 94326C0D22B2F4B300D56D52 /* EmptyResponse.swift */; };
		94326C1022B31A6000D56D52 /* PlaceServer.swift in Sources */ = {isa = PBXBuildFile; fileRef = 94326C0F22B31A6000D56D52 /* PlaceServer.swift */; };
		9444D4F622B194D500FFBC26 /* AppDelegate.swift in Sources */ = {isa = PBXBuildFile; fileRef = 9444D4F522B194D500FFBC26 /* AppDelegate.swift */; };
		9444D4F822B194D500FFBC26 /* WebViewController.swift in Sources */ = {isa = PBXBuildFile; fileRef = 9444D4F722B194D500FFBC26 /* WebViewController.swift */; };
		9444D4FD22B194DB00FFBC26 /* Assets.xcassets in Resources */ = {isa = PBXBuildFile; fileRef = 9444D4FC22B194DB00FFBC26 /* Assets.xcassets */; };
		9476930A22B3213600572511 /* GetPlacesInteractor.swift in Sources */ = {isa = PBXBuildFile; fileRef = 9476930922B3213600572511 /* GetPlacesInteractor.swift */; };
		947CA84622BCB36D0022CEE5 /* ImageUtils.swift in Sources */ = {isa = PBXBuildFile; fileRef = 947CA84522BCB36D0022CEE5 /* ImageUtils.swift */; };
		947CA84922BCC3AD0022CEE5 /* PlacesTableViewController.swift in Sources */ = {isa = PBXBuildFile; fileRef = 947CA84822BCC3AD0022CEE5 /* PlacesTableViewController.swift */; };
		947CA84C22BCC64E0022CEE5 /* PlacesViewPresenter.swift in Sources */ = {isa = PBXBuildFile; fileRef = 947CA84B22BCC64E0022CEE5 /* PlacesViewPresenter.swift */; };
		947CA84E22BCD01E0022CEE5 /* PlaceUtils.swift in Sources */ = {isa = PBXBuildFile; fileRef = 947CA84D22BCD01E0022CEE5 /* PlaceUtils.swift */; };
		947CA85022BCEA010022CEE5 /* PlaceDetailView.swift in Sources */ = {isa = PBXBuildFile; fileRef = 947CA84F22BCEA010022CEE5 /* PlaceDetailView.swift */; };
		947CA85222BCF2F20022CEE5 /* PlaceDetailViewController.swift in Sources */ = {isa = PBXBuildFile; fileRef = 947CA85122BCF2F20022CEE5 /* PlaceDetailViewController.swift */; };
		94A979BA22B3419600603885 /* Localizable.strings in Resources */ = {isa = PBXBuildFile; fileRef = 94A979BC22B3419600603885 /* Localizable.strings */; };
		94A979BF22B341B300603885 /* LaunchScreen.storyboard in Resources */ = {isa = PBXBuildFile; fileRef = 94A979BD22B341B200603885 /* LaunchScreen.storyboard */; };
		94A979C022B341B300603885 /* Main.storyboard in Resources */ = {isa = PBXBuildFile; fileRef = 94A979BE22B341B200603885 /* Main.storyboard */; };
		94A979C322B3450B00603885 /* PlaceViewCell.swift in Sources */ = {isa = PBXBuildFile; fileRef = 94A979C222B3450B00603885 /* PlaceViewCell.swift */; };
		94B8305A22BD19D60082DD84 /* WebKit.framework in Frameworks */ = {isa = PBXBuildFile; fileRef = 94B8305922BD19D50082DD84 /* WebKit.framework */; };
		94C31BBC22B1D570003D2BCD /* PlaceModel.swift in Sources */ = {isa = PBXBuildFile; fileRef = 94C31BBB22B1D570003D2BCD /* PlaceModel.swift */; };
		94C31BBF22B1E5C1003D2BCD /* Constants.swift in Sources */ = {isa = PBXBuildFile; fileRef = 94C31BBE22B1E5C1003D2BCD /* Constants.swift */; };
		94C31BC222B1E919003D2BCD /* APIUtils.swift in Sources */ = {isa = PBXBuildFile; fileRef = 94C31BC122B1E919003D2BCD /* APIUtils.swift */; };
/* End PBXBuildFile section */

/* Begin PBXFileReference section */
		751F8D91FDC088D3CACABD4B /* Pods-ArkusNexusChallenge.debug.xcconfig */ = {isa = PBXFileReference; includeInIndex = 1; lastKnownFileType = text.xcconfig; name = "Pods-ArkusNexusChallenge.debug.xcconfig"; path = "Pods/Target Support Files/Pods-ArkusNexusChallenge/Pods-ArkusNexusChallenge.debug.xcconfig"; sourceTree = "<group>"; };
		94326BF022B2D43800D56D52 /* PlaceAPIRouter.swift */ = {isa = PBXFileReference; lastKnownFileType = sourcecode.swift; path = PlaceAPIRouter.swift; sourceTree = "<group>"; };
		94326BF322B2DA2F00D56D52 /* ArkusNexusServer.swift */ = {isa = PBXFileReference; lastKnownFileType = sourcecode.swift; path = ArkusNexusServer.swift; sourceTree = "<group>"; };
		94326BF522B2DD7300D56D52 /* RxAlamofireUtils.swift */ = {isa = PBXFileReference; lastKnownFileType = sourcecode.swift; path = RxAlamofireUtils.swift; sourceTree = "<group>"; };
		94326BF722B2E39800D56D52 /* ErrorModel.swift */ = {isa = PBXFileReference; lastKnownFileType = sourcecode.swift; path = ErrorModel.swift; sourceTree = "<group>"; };
		94326C0B22B2F08900D56D52 /* SuccessMessageResponse.swift */ = {isa = PBXFileReference; lastKnownFileType = sourcecode.swift; path = SuccessMessageResponse.swift; sourceTree = "<group>"; };
		94326C0D22B2F4B300D56D52 /* EmptyResponse.swift */ = {isa = PBXFileReference; lastKnownFileType = sourcecode.swift; path = EmptyResponse.swift; sourceTree = "<group>"; };
		94326C0F22B31A6000D56D52 /* PlaceServer.swift */ = {isa = PBXFileReference; lastKnownFileType = sourcecode.swift; path = PlaceServer.swift; sourceTree = "<group>"; };
		9444D4F222B194D500FFBC26 /* ArkusNexusChallenge.app */ = {isa = PBXFileReference; explicitFileType = wrapper.application; includeInIndex = 0; path = ArkusNexusChallenge.app; sourceTree = BUILT_PRODUCTS_DIR; };
		9444D4F522B194D500FFBC26 /* AppDelegate.swift */ = {isa = PBXFileReference; lastKnownFileType = sourcecode.swift; path = AppDelegate.swift; sourceTree = "<group>"; };
		9444D4F722B194D500FFBC26 /* WebViewController.swift */ = {isa = PBXFileReference; lastKnownFileType = sourcecode.swift; path = WebViewController.swift; sourceTree = "<group>"; };
		9444D4FC22B194DB00FFBC26 /* Assets.xcassets */ = {isa = PBXFileReference; lastKnownFileType = folder.assetcatalog; path = Assets.xcassets; sourceTree = "<group>"; };
		9444D50122B194DB00FFBC26 /* Info.plist */ = {isa = PBXFileReference; lastKnownFileType = text.plist.xml; path = Info.plist; sourceTree = "<group>"; };
		9476930922B3213600572511 /* GetPlacesInteractor.swift */ = {isa = PBXFileReference; lastKnownFileType = sourcecode.swift; path = GetPlacesInteractor.swift; sourceTree = "<group>"; };
		947CA84522BCB36D0022CEE5 /* ImageUtils.swift */ = {isa = PBXFileReference; lastKnownFileType = sourcecode.swift; path = ImageUtils.swift; sourceTree = "<group>"; };
		947CA84822BCC3AD0022CEE5 /* PlacesTableViewController.swift */ = {isa = PBXFileReference; lastKnownFileType = sourcecode.swift; path = PlacesTableViewController.swift; sourceTree = "<group>"; };
		947CA84B22BCC64E0022CEE5 /* PlacesViewPresenter.swift */ = {isa = PBXFileReference; lastKnownFileType = sourcecode.swift; path = PlacesViewPresenter.swift; sourceTree = "<group>"; };
		947CA84D22BCD01E0022CEE5 /* PlaceUtils.swift */ = {isa = PBXFileReference; lastKnownFileType = sourcecode.swift; path = PlaceUtils.swift; sourceTree = "<group>"; };
		947CA84F22BCEA010022CEE5 /* PlaceDetailView.swift */ = {isa = PBXFileReference; lastKnownFileType = sourcecode.swift; path = PlaceDetailView.swift; sourceTree = "<group>"; };
		947CA85122BCF2F20022CEE5 /* PlaceDetailViewController.swift */ = {isa = PBXFileReference; lastKnownFileType = sourcecode.swift; path = PlaceDetailViewController.swift; sourceTree = "<group>"; };
		94A979BB22B3419600603885 /* en */ = {isa = PBXFileReference; lastKnownFileType = text.plist.strings; name = en; path = en.lproj/Localizable.strings; sourceTree = "<group>"; };
		94A979BD22B341B200603885 /* LaunchScreen.storyboard */ = {isa = PBXFileReference; fileEncoding = 4; lastKnownFileType = file.storyboard; path = LaunchScreen.storyboard; sourceTree = "<group>"; };
		94A979BE22B341B200603885 /* Main.storyboard */ = {isa = PBXFileReference; fileEncoding = 4; lastKnownFileType = file.storyboard; path = Main.storyboard; sourceTree = "<group>"; };
		94A979C222B3450B00603885 /* PlaceViewCell.swift */ = {isa = PBXFileReference; lastKnownFileType = sourcecode.swift; path = PlaceViewCell.swift; sourceTree = "<group>"; };
		94B8305922BD19D50082DD84 /* WebKit.framework */ = {isa = PBXFileReference; lastKnownFileType = wrapper.framework; name = WebKit.framework; path = System/Library/Frameworks/WebKit.framework; sourceTree = SDKROOT; };
		94C31BBB22B1D570003D2BCD /* PlaceModel.swift */ = {isa = PBXFileReference; lastKnownFileType = sourcecode.swift; path = PlaceModel.swift; sourceTree = "<group>"; };
		94C31BBE22B1E5C1003D2BCD /* Constants.swift */ = {isa = PBXFileReference; lastKnownFileType = sourcecode.swift; path = Constants.swift; sourceTree = "<group>"; };
		94C31BC122B1E919003D2BCD /* APIUtils.swift */ = {isa = PBXFileReference; lastKnownFileType = sourcecode.swift; path = APIUtils.swift; sourceTree = "<group>"; };
		C2F6A7A68E37C910804423DF /* Pods-ArkusNexusChallenge.release.xcconfig */ = {isa = PBXFileReference; includeInIndex = 1; lastKnownFileType = text.xcconfig; name = "Pods-ArkusNexusChallenge.release.xcconfig"; path = "Pods/Target Support Files/Pods-ArkusNexusChallenge/Pods-ArkusNexusChallenge.release.xcconfig"; sourceTree = "<group>"; };
		D506E90650D80BBF2EAAC965 /* Pods_ArkusNexusChallenge.framework */ = {isa = PBXFileReference; explicitFileType = wrapper.framework; includeInIndex = 0; path = Pods_ArkusNexusChallenge.framework; sourceTree = BUILT_PRODUCTS_DIR; };
/* End PBXFileReference section */

/* Begin PBXFrameworksBuildPhase section */
		9444D4EF22B194D500FFBC26 /* Frameworks */ = {
			isa = PBXFrameworksBuildPhase;
			buildActionMask = 2147483647;
			files = (
				94B8305A22BD19D60082DD84 /* WebKit.framework in Frameworks */,
				764F451A8B08269A9FF22895 /* Pods_ArkusNexusChallenge.framework in Frameworks */,
			);
			runOnlyForDeploymentPostprocessing = 0;
		};
/* End PBXFrameworksBuildPhase section */

/* Begin PBXGroup section */
		1CD40556758D3063F2C0DD2A /* Frameworks */ = {
			isa = PBXGroup;
			children = (
				94B8305922BD19D50082DD84 /* WebKit.framework */,
				D506E90650D80BBF2EAAC965 /* Pods_ArkusNexusChallenge.framework */,
			);
			name = Frameworks;
			sourceTree = "<group>";
		};
		7F2E0DEA0D5AC4352863A0C9 /* Pods */ = {
			isa = PBXGroup;
			children = (
				751F8D91FDC088D3CACABD4B /* Pods-ArkusNexusChallenge.debug.xcconfig */,
				C2F6A7A68E37C910804423DF /* Pods-ArkusNexusChallenge.release.xcconfig */,
			);
			name = Pods;
			sourceTree = "<group>";
		};
		94326BEE22B2CF3C00D56D52 /* Server */ = {
			isa = PBXGroup;
			children = (
				94326C0A22B2F07B00D56D52 /* Responses */,
				94326BF222B2DA1700D56D52 /* Services */,
				94326BEF22B2D2F700D56D52 /* API */,
			);
			path = Server;
			sourceTree = "<group>";
		};
		94326BEF22B2D2F700D56D52 /* API */ = {
			isa = PBXGroup;
			children = (
				94326BF022B2D43800D56D52 /* PlaceAPIRouter.swift */,
			);
			path = API;
			sourceTree = "<group>";
		};
		94326BF222B2DA1700D56D52 /* Services */ = {
			isa = PBXGroup;
			children = (
				94326BF322B2DA2F00D56D52 /* ArkusNexusServer.swift */,
				94326C0F22B31A6000D56D52 /* PlaceServer.swift */,
			);
			path = Services;
			sourceTree = "<group>";
		};
		94326C0322B2ECBE00D56D52 /* Resousrces */ = {
			isa = PBXGroup;
			children = (
				9444D4FC22B194DB00FFBC26 /* Assets.xcassets */,
				94A979BC22B3419600603885 /* Localizable.strings */,
			);
			path = Resousrces;
			sourceTree = "<group>";
		};
		94326C0A22B2F07B00D56D52 /* Responses */ = {
			isa = PBXGroup;
			children = (
				94326C0B22B2F08900D56D52 /* SuccessMessageResponse.swift */,
				94326C0D22B2F4B300D56D52 /* EmptyResponse.swift */,
			);
			path = Responses;
			sourceTree = "<group>";
		};
		9444D4E922B194D500FFBC26 = {
			isa = PBXGroup;
			children = (
				9444D4F422B194D500FFBC26 /* ArkusNexusChallenge */,
				9444D4F322B194D500FFBC26 /* Products */,
				7F2E0DEA0D5AC4352863A0C9 /* Pods */,
				1CD40556758D3063F2C0DD2A /* Frameworks */,
			);
			sourceTree = "<group>";
		};
		9444D4F322B194D500FFBC26 /* Products */ = {
			isa = PBXGroup;
			children = (
				9444D4F222B194D500FFBC26 /* ArkusNexusChallenge.app */,
			);
			name = Products;
			sourceTree = "<group>";
		};
		9444D4F422B194D500FFBC26 /* ArkusNexusChallenge */ = {
			isa = PBXGroup;
			children = (
				94A979B222B33F6B00603885 /* UserInterface */,
				94326C0322B2ECBE00D56D52 /* Resousrces */,
				94326BEE22B2CF3C00D56D52 /* Server */,
				94C31BC022B1E8F4003D2BCD /* Utils */,
				94C31BBD22B1E58C003D2BCD /* Config */,
				9444D50722B197E100FFBC26 /* Core */,
				9444D4F522B194D500FFBC26 /* AppDelegate.swift */,
				9444D50122B194DB00FFBC26 /* Info.plist */,
			);
			path = ArkusNexusChallenge;
			sourceTree = "<group>";
		};
		9444D50722B197E100FFBC26 /* Core */ = {
			isa = PBXGroup;
			children = (
				9476930722B3211700572511 /* Interactor */,
				9444D50822B197FE00FFBC26 /* Model */,
			);
			path = Core;
			sourceTree = "<group>";
		};
		9444D50822B197FE00FFBC26 /* Model */ = {
			isa = PBXGroup;
			children = (
				94C31BBB22B1D570003D2BCD /* PlaceModel.swift */,
				94326BF722B2E39800D56D52 /* ErrorModel.swift */,
			);
			path = Model;
			sourceTree = "<group>";
		};
		9476930722B3211700572511 /* Interactor */ = {
			isa = PBXGroup;
			children = (
				9476930822B3212000572511 /* Places */,
			);
			path = Interactor;
			sourceTree = "<group>";
		};
		9476930822B3212000572511 /* Places */ = {
			isa = PBXGroup;
			children = (
				9476930922B3213600572511 /* GetPlacesInteractor.swift */,
			);
			path = Places;
			sourceTree = "<group>";
		};
		947CA84722BCC3940022CEE5 /* Controllers */ = {
			isa = PBXGroup;
			children = (
				947CA84A22BCC3E20022CEE5 /* Places */,
			);
			path = Controllers;
			sourceTree = "<group>";
		};
		947CA84A22BCC3E20022CEE5 /* Places */ = {
			isa = PBXGroup;
			children = (
				947CA84822BCC3AD0022CEE5 /* PlacesTableViewController.swift */,
				947CA84B22BCC64E0022CEE5 /* PlacesViewPresenter.swift */,
				947CA85122BCF2F20022CEE5 /* PlaceDetailViewController.swift */,
				9444D4F722B194D500FFBC26 /* WebViewController.swift */,
			);
			path = Places;
			sourceTree = "<group>";
		};
		94A979B222B33F6B00603885 /* UserInterface */ = {
			isa = PBXGroup;
			children = (
				947CA84722BCC3940022CEE5 /* Controllers */,
				94A979C122B344E000603885 /* Views */,
				94A979B322B33F8300603885 /* Storyboards */,
			);
			path = UserInterface;
			sourceTree = "<group>";
		};
		94A979B322B33F8300603885 /* Storyboards */ = {
			isa = PBXGroup;
			children = (
				94A979BD22B341B200603885 /* LaunchScreen.storyboard */,
				94A979BE22B341B200603885 /* Main.storyboard */,
			);
			path = Storyboards;
			sourceTree = "<group>";
		};
		94A979C122B344E000603885 /* Views */ = {
			isa = PBXGroup;
			children = (
				94A979C222B3450B00603885 /* PlaceViewCell.swift */,
				947CA84F22BCEA010022CEE5 /* PlaceDetailView.swift */,
			);
			path = Views;
			sourceTree = "<group>";
		};
		94C31BBD22B1E58C003D2BCD /* Config */ = {
			isa = PBXGroup;
			children = (
				94C31BBE22B1E5C1003D2BCD /* Constants.swift */,
			);
			path = Config;
			sourceTree = "<group>";
		};
		94C31BC022B1E8F4003D2BCD /* Utils */ = {
			isa = PBXGroup;
			children = (
				94C31BC122B1E919003D2BCD /* APIUtils.swift */,
				94326BF522B2DD7300D56D52 /* RxAlamofireUtils.swift */,
				947CA84522BCB36D0022CEE5 /* ImageUtils.swift */,
				947CA84D22BCD01E0022CEE5 /* PlaceUtils.swift */,
			);
			path = Utils;
			sourceTree = "<group>";
		};
/* End PBXGroup section */

/* Begin PBXNativeTarget section */
		9444D4F122B194D500FFBC26 /* ArkusNexusChallenge */ = {
			isa = PBXNativeTarget;
			buildConfigurationList = 9444D50422B194DB00FFBC26 /* Build configuration list for PBXNativeTarget "ArkusNexusChallenge" */;
			buildPhases = (
				B2C5E5C2B810EACCA4426DC0 /* [CP] Check Pods Manifest.lock */,
				9444D4EE22B194D500FFBC26 /* Sources */,
				9444D4EF22B194D500FFBC26 /* Frameworks */,
				9444D4F022B194D500FFBC26 /* Resources */,
				F5AB49BFE742EE7E95EADA14 /* [CP] Embed Pods Frameworks */,
			);
			buildRules = (
			);
			dependencies = (
			);
			name = ArkusNexusChallenge;
			productName = ArkusNexusTest;
			productReference = 9444D4F222B194D500FFBC26 /* ArkusNexusChallenge.app */;
			productType = "com.apple.product-type.application";
		};
/* End PBXNativeTarget section */

/* Begin PBXProject section */
		9444D4EA22B194D500FFBC26 /* Project object */ = {
			isa = PBXProject;
			attributes = {
				LastSwiftUpdateCheck = 1020;
				LastUpgradeCheck = 1020;
				ORGANIZATIONNAME = guerra;
				TargetAttributes = {
					9444D4F122B194D500FFBC26 = {
						CreatedOnToolsVersion = 10.2.1;
					};
				};
			};
			buildConfigurationList = 9444D4ED22B194D500FFBC26 /* Build configuration list for PBXProject "ArkusNexusChallenge" */;
			compatibilityVersion = "Xcode 9.3";
			developmentRegion = en;
			hasScannedForEncodings = 0;
			knownRegions = (
				Base,
				en,
			);
			mainGroup = 9444D4E922B194D500FFBC26;
			productRefGroup = 9444D4F322B194D500FFBC26 /* Products */;
			projectDirPath = "";
			projectRoot = "";
			targets = (
				9444D4F122B194D500FFBC26 /* ArkusNexusChallenge */,
			);
		};
/* End PBXProject section */

/* Begin PBXResourcesBuildPhase section */
		9444D4F022B194D500FFBC26 /* Resources */ = {
			isa = PBXResourcesBuildPhase;
			buildActionMask = 2147483647;
			files = (
				94A979BF22B341B300603885 /* LaunchScreen.storyboard in Resources */,
				9444D4FD22B194DB00FFBC26 /* Assets.xcassets in Resources */,
				94A979BA22B3419600603885 /* Localizable.strings in Resources */,
				94A979C022B341B300603885 /* Main.storyboard in Resources */,
			);
			runOnlyForDeploymentPostprocessing = 0;
		};
/* End PBXResourcesBuildPhase section */

/* Begin PBXShellScriptBuildPhase section */
		B2C5E5C2B810EACCA4426DC0 /* [CP] Check Pods Manifest.lock */ = {
			isa = PBXShellScriptBuildPhase;
			buildActionMask = 2147483647;
			files = (
			);
			inputFileListPaths = (
			);
			inputPaths = (
				"${PODS_PODFILE_DIR_PATH}/Podfile.lock",
				"${PODS_ROOT}/Manifest.lock",
			);
			name = "[CP] Check Pods Manifest.lock";
			outputFileListPaths = (
			);
			outputPaths = (
				"$(DERIVED_FILE_DIR)/Pods-ArkusNexusChallenge-checkManifestLockResult.txt",
			);
			runOnlyForDeploymentPostprocessing = 0;
			shellPath = /bin/sh;
			shellScript = "diff \"${PODS_PODFILE_DIR_PATH}/Podfile.lock\" \"${PODS_ROOT}/Manifest.lock\" > /dev/null\nif [ $? != 0 ] ; then\n    # print error to STDERR\n    echo \"error: The sandbox is not in sync with the Podfile.lock. Run 'pod install' or update your CocoaPods installation.\" >&2\n    exit 1\nfi\n# This output is used by Xcode 'outputs' to avoid re-running this script phase.\necho \"SUCCESS\" > \"${SCRIPT_OUTPUT_FILE_0}\"\n";
			showEnvVarsInLog = 0;
		};
		F5AB49BFE742EE7E95EADA14 /* [CP] Embed Pods Frameworks */ = {
			isa = PBXShellScriptBuildPhase;
			buildActionMask = 2147483647;
			files = (
			);
			inputFileListPaths = (
				"${PODS_ROOT}/Target Support Files/Pods-ArkusNexusChallenge/Pods-ArkusNexusChallenge-frameworks-${CONFIGURATION}-input-files.xcfilelist",
			);
			name = "[CP] Embed Pods Frameworks";
			outputFileListPaths = (
				"${PODS_ROOT}/Target Support Files/Pods-ArkusNexusChallenge/Pods-ArkusNexusChallenge-frameworks-${CONFIGURATION}-output-files.xcfilelist",
			);
			runOnlyForDeploymentPostprocessing = 0;
			shellPath = /bin/sh;
			shellScript = "\"${PODS_ROOT}/Target Support Files/Pods-ArkusNexusChallenge/Pods-ArkusNexusChallenge-frameworks.sh\"\n";
			showEnvVarsInLog = 0;
		};
/* End PBXShellScriptBuildPhase section */

/* Begin PBXSourcesBuildPhase section */
		9444D4EE22B194D500FFBC26 /* Sources */ = {
			isa = PBXSourcesBuildPhase;
			buildActionMask = 2147483647;
			files = (
				9444D4F822B194D500FFBC26 /* WebViewController.swift in Sources */,
				94C31BC222B1E919003D2BCD /* APIUtils.swift in Sources */,
				9476930A22B3213600572511 /* GetPlacesInteractor.swift in Sources */,
				94C31BBC22B1D570003D2BCD /* PlaceModel.swift in Sources */,
				94326BF122B2D43800D56D52 /* PlaceAPIRouter.swift in Sources */,
				947CA84E22BCD01E0022CEE5 /* PlaceUtils.swift in Sources */,
				947CA85022BCEA010022CEE5 /* PlaceDetailView.swift in Sources */,
				94326BF622B2DD7300D56D52 /* RxAlamofireUtils.swift in Sources */,
				94326C0E22B2F4B300D56D52 /* EmptyResponse.swift in Sources */,
				9444D4F622B194D500FFBC26 /* AppDelegate.swift in Sources */,
				947CA84622BCB36D0022CEE5 /* ImageUtils.swift in Sources */,
				947CA84922BCC3AD0022CEE5 /* PlacesTableViewController.swift in Sources */,
				94326BF822B2E39800D56D52 /* ErrorModel.swift in Sources */,
				94326C1022B31A6000D56D52 /* PlaceServer.swift in Sources */,
				947CA84C22BCC64E0022CEE5 /* PlacesViewPresenter.swift in Sources */,
				94A979C322B3450B00603885 /* PlaceViewCell.swift in Sources */,
				94C31BBF22B1E5C1003D2BCD /* Constants.swift in Sources */,
				947CA85222BCF2F20022CEE5 /* PlaceDetailViewController.swift in Sources */,
				94326C0C22B2F08900D56D52 /* SuccessMessageResponse.swift in Sources */,
				94326BF422B2DA2F00D56D52 /* ArkusNexusServer.swift in Sources */,
			);
			runOnlyForDeploymentPostprocessing = 0;
		};
/* End PBXSourcesBuildPhase section */

/* Begin PBXVariantGroup section */
		94A979BC22B3419600603885 /* Localizable.strings */ = {
			isa = PBXVariantGroup;
			children = (
				94A979BB22B3419600603885 /* en */,
			);
			name = Localizable.strings;
			sourceTree = "<group>";
		};
/* End PBXVariantGroup section */

/* Begin XCBuildConfiguration section */
		9444D50222B194DB00FFBC26 /* Debug */ = {
			isa = XCBuildConfiguration;
			buildSettings = {
				ALWAYS_SEARCH_USER_PATHS = NO;
				CLANG_ANALYZER_LOCALIZABILITY_NONLOCALIZED = YES;
				CLANG_ANALYZER_NONNULL = YES;
				CLANG_ANALYZER_NUMBER_OBJECT_CONVERSION = YES_AGGRESSIVE;
				CLANG_CXX_LANGUAGE_STANDARD = "gnu++14";
				CLANG_CXX_LIBRARY = "libc++";
				CLANG_ENABLE_MODULES = YES;
				CLANG_ENABLE_OBJC_ARC = YES;
				CLANG_ENABLE_OBJC_WEAK = YES;
				CLANG_WARN_BLOCK_CAPTURE_AUTORELEASING = YES;
				CLANG_WARN_BOOL_CONVERSION = YES;
				CLANG_WARN_COMMA = YES;
				CLANG_WARN_CONSTANT_CONVERSION = YES;
				CLANG_WARN_DEPRECATED_OBJC_IMPLEMENTATIONS = YES;
				CLANG_WARN_DIRECT_OBJC_ISA_USAGE = YES_ERROR;
				CLANG_WARN_DOCUMENTATION_COMMENTS = YES;
				CLANG_WARN_EMPTY_BODY = YES;
				CLANG_WARN_ENUM_CONVERSION = YES;
				CLANG_WARN_INFINITE_RECURSION = YES;
				CLANG_WARN_INT_CONVERSION = YES;
				CLANG_WARN_NON_LITERAL_NULL_CONVERSION = YES;
				CLANG_WARN_OBJC_IMPLICIT_RETAIN_SELF = YES;
				CLANG_WARN_OBJC_LITERAL_CONVERSION = YES;
				CLANG_WARN_OBJC_ROOT_CLASS = YES_ERROR;
				CLANG_WARN_RANGE_LOOP_ANALYSIS = YES;
				CLANG_WARN_STRICT_PROTOTYPES = YES;
				CLANG_WARN_SUSPICIOUS_MOVE = YES;
				CLANG_WARN_UNGUARDED_AVAILABILITY = YES_AGGRESSIVE;
				CLANG_WARN_UNREACHABLE_CODE = YES;
				CLANG_WARN__DUPLICATE_METHOD_MATCH = YES;
				CODE_SIGN_IDENTITY = "iPhone Developer";
				COPY_PHASE_STRIP = NO;
				DEBUG_INFORMATION_FORMAT = dwarf;
				ENABLE_STRICT_OBJC_MSGSEND = YES;
				ENABLE_TESTABILITY = YES;
				GCC_C_LANGUAGE_STANDARD = gnu11;
				GCC_DYNAMIC_NO_PIC = NO;
				GCC_NO_COMMON_BLOCKS = YES;
				GCC_OPTIMIZATION_LEVEL = 0;
				GCC_PREPROCESSOR_DEFINITIONS = (
					"DEBUG=1",
					"$(inherited)",
				);
				GCC_WARN_64_TO_32_BIT_CONVERSION = YES;
				GCC_WARN_ABOUT_RETURN_TYPE = YES_ERROR;
				GCC_WARN_UNDECLARED_SELECTOR = YES;
				GCC_WARN_UNINITIALIZED_AUTOS = YES_AGGRESSIVE;
				GCC_WARN_UNUSED_FUNCTION = YES;
				GCC_WARN_UNUSED_VARIABLE = YES;
				IPHONEOS_DEPLOYMENT_TARGET = 12.2;
				MTL_ENABLE_DEBUG_INFO = INCLUDE_SOURCE;
				MTL_FAST_MATH = YES;
				ONLY_ACTIVE_ARCH = YES;
				SDKROOT = iphoneos;
				SWIFT_ACTIVE_COMPILATION_CONDITIONS = DEBUG;
				SWIFT_OPTIMIZATION_LEVEL = "-Onone";
			};
			name = Debug;
		};
		9444D50322B194DB00FFBC26 /* Release */ = {
			isa = XCBuildConfiguration;
			buildSettings = {
				ALWAYS_SEARCH_USER_PATHS = NO;
				CLANG_ANALYZER_LOCALIZABILITY_NONLOCALIZED = YES;
				CLANG_ANALYZER_NONNULL = YES;
				CLANG_ANALYZER_NUMBER_OBJECT_CONVERSION = YES_AGGRESSIVE;
				CLANG_CXX_LANGUAGE_STANDARD = "gnu++14";
				CLANG_CXX_LIBRARY = "libc++";
				CLANG_ENABLE_MODULES = YES;
				CLANG_ENABLE_OBJC_ARC = YES;
				CLANG_ENABLE_OBJC_WEAK = YES;
				CLANG_WARN_BLOCK_CAPTURE_AUTORELEASING = YES;
				CLANG_WARN_BOOL_CONVERSION = YES;
				CLANG_WARN_COMMA = YES;
				CLANG_WARN_CONSTANT_CONVERSION = YES;
				CLANG_WARN_DEPRECATED_OBJC_IMPLEMENTATIONS = YES;
				CLANG_WARN_DIRECT_OBJC_ISA_USAGE = YES_ERROR;
				CLANG_WARN_DOCUMENTATION_COMMENTS = YES;
				CLANG_WARN_EMPTY_BODY = YES;
				CLANG_WARN_ENUM_CONVERSION = YES;
				CLANG_WARN_INFINITE_RECURSION = YES;
				CLANG_WARN_INT_CONVERSION = YES;
				CLANG_WARN_NON_LITERAL_NULL_CONVERSION = YES;
				CLANG_WARN_OBJC_IMPLICIT_RETAIN_SELF = YES;
				CLANG_WARN_OBJC_LITERAL_CONVERSION = YES;
				CLANG_WARN_OBJC_ROOT_CLASS = YES_ERROR;
				CLANG_WARN_RANGE_LOOP_ANALYSIS = YES;
				CLANG_WARN_STRICT_PROTOTYPES = YES;
				CLANG_WARN_SUSPICIOUS_MOVE = YES;
				CLANG_WARN_UNGUARDED_AVAILABILITY = YES_AGGRESSIVE;
				CLANG_WARN_UNREACHABLE_CODE = YES;
				CLANG_WARN__DUPLICATE_METHOD_MATCH = YES;
				CODE_SIGN_IDENTITY = "iPhone Developer";
				COPY_PHASE_STRIP = NO;
				DEBUG_INFORMATION_FORMAT = "dwarf-with-dsym";
				ENABLE_NS_ASSERTIONS = NO;
				ENABLE_STRICT_OBJC_MSGSEND = YES;
				GCC_C_LANGUAGE_STANDARD = gnu11;
				GCC_NO_COMMON_BLOCKS = YES;
				GCC_WARN_64_TO_32_BIT_CONVERSION = YES;
				GCC_WARN_ABOUT_RETURN_TYPE = YES_ERROR;
				GCC_WARN_UNDECLARED_SELECTOR = YES;
				GCC_WARN_UNINITIALIZED_AUTOS = YES_AGGRESSIVE;
				GCC_WARN_UNUSED_FUNCTION = YES;
				GCC_WARN_UNUSED_VARIABLE = YES;
				IPHONEOS_DEPLOYMENT_TARGET = 12.2;
				MTL_ENABLE_DEBUG_INFO = NO;
				MTL_FAST_MATH = YES;
				SDKROOT = iphoneos;
				SWIFT_COMPILATION_MODE = wholemodule;
				SWIFT_OPTIMIZATION_LEVEL = "-O";
				VALIDATE_PRODUCT = YES;
			};
			name = Release;
		};
		9444D50522B194DB00FFBC26 /* Debug */ = {
			isa = XCBuildConfiguration;
			baseConfigurationReference = 751F8D91FDC088D3CACABD4B /* Pods-ArkusNexusChallenge.debug.xcconfig */;
			buildSettings = {
				ASSETCATALOG_COMPILER_APPICON_NAME = AppIcon;
				CODE_SIGN_STYLE = Automatic;
				DEVELOPMENT_TEAM = WKMTJ2P89J;
				INFOPLIST_FILE = "$(SRCROOT)/ArkusNexusChallenge/Info.plist";
				IPHONEOS_DEPLOYMENT_TARGET = 12.0;
				LD_RUNPATH_SEARCH_PATHS = (
					"$(inherited)",
					"@executable_path/Frameworks",
				);
				PRODUCT_BUNDLE_IDENTIFIER = com.guerra.ArkusNexusChallenge;
				PRODUCT_NAME = "$(TARGET_NAME)";
				SWIFT_VERSION = 5.0;
				TARGETED_DEVICE_FAMILY = "1,2";
			};
			name = Debug;
		};
		9444D50622B194DB00FFBC26 /* Release */ = {
			isa = XCBuildConfiguration;
			baseConfigurationReference = C2F6A7A68E37C910804423DF /* Pods-ArkusNexusChallenge.release.xcconfig */;
			buildSettings = {
				ASSETCATALOG_COMPILER_APPICON_NAME = AppIcon;
				CODE_SIGN_STYLE = Automatic;
				DEVELOPMENT_TEAM = WKMTJ2P89J;
				INFOPLIST_FILE = "$(SRCROOT)/ArkusNexusChallenge/Info.plist";
				IPHONEOS_DEPLOYMENT_TARGET = 12.0;
				LD_RUNPATH_SEARCH_PATHS = (
					"$(inherited)",
					"@executable_path/Frameworks",
				);
				PRODUCT_BUNDLE_IDENTIFIER = com.guerra.ArkusNexusChallenge;
				PRODUCT_NAME = "$(TARGET_NAME)";
				SWIFT_VERSION = 5.0;
				TARGETED_DEVICE_FAMILY = "1,2";
			};
			name = Release;
		};
/* End XCBuildConfiguration section */

/* Begin XCConfigurationList section */
		9444D4ED22B194D500FFBC26 /* Build configuration list for PBXProject "ArkusNexusChallenge" */ = {
			isa = XCConfigurationList;
			buildConfigurations = (
				9444D50222B194DB00FFBC26 /* Debug */,
				9444D50322B194DB00FFBC26 /* Release */,
			);
			defaultConfigurationIsVisible = 0;
			defaultConfigurationName = Release;
		};
		9444D50422B194DB00FFBC26 /* Build configuration list for PBXNativeTarget "ArkusNexusChallenge" */ = {
			isa = XCConfigurationList;
			buildConfigurations = (
				9444D50522B194DB00FFBC26 /* Debug */,
				9444D50622B194DB00FFBC26 /* Release */,
			);
			defaultConfigurationIsVisible = 0;
			defaultConfigurationName = Release;
		};
/* End XCConfigurationList section */
	};
	rootObject = 9444D4EA22B194D500FFBC26 /* Project object */;
}
